
Microsoft Visual Studio Solution File, Format Version 12.00
# Visual Studio Version 16
VisualStudioVersion = 16.0.30225.117
MinimumVisualStudioVersion = 10.0.40219.1
Project("{FAE04EC0-301F-11D3-BF4B-00C04F79EFBC}") = "OrganizationXEmployeeManagementSystem", "OrganizationXEmployeeManagementSystem.csproj", "{06C83C3B-A1CD-47C7-B822-362D283139F0}"
EndProject
Global
	GlobalSection(SolutionConfigurationPlatforms) = preSolution
		Debug|Any CPU = Debug|Any CPU
		Release|Any CPU = Release|Any CPU
	EndGlobalSection
	GlobalSection(ProjectConfigurationPlatforms) = postSolution
		{06C83C3B-A1CD-47C7-B822-362D283139F0}.Debug|Any CPU.ActiveCfg = Debug|Any CPU
		{06C83C3B-A1CD-47C7-B822-362D283139F0}.Debug|Any CPU.Build.0 = Debug|Any CPU
		{06C83C3B-A1CD-47C7-B822-362D283139F0}.Release|Any CPU.ActiveCfg = Release|Any CPU
		{06C83C3B-A1CD-47C7-B822-362D283139F0}.Release|Any CPU.Build.0 = Release|Any CPU
	EndGlobalSection
	GlobalSection(SolutionProperties) = preSolution
		HideSolutionNode = FALSE
	EndGlobalSection
	GlobalSection(ExtensibilityGlobals) = postSolution
		SolutionGuid = {2112F97E-D2F1-4B4E-9A24-F3D880E2982C}
	EndGlobalSection
EndGlobal
